
Microsoft Visual Studio Solution File, Format Version 10.00
# Visual Studio 2008
Project("{8BC9CEB8-8B4A-11D0-8D11-00A0C91BC942}") = "DTGrid_Test", "DTGrid_Test.vcproj", "{F3DCFF62-374A-4090-B1CD-7784C2ACDBE4}"
EndProject
Project("{8BC9CEB8-8B4A-11D0-8D11-00A0C91BC942}") = "DataStructures", "..\..\DataStructures\DataStructures.vcproj", "{0BC331F0-320F-408D-A1EA-0EF066ADA9E9}"
EndProject
Project("{8BC9CEB8-8B4A-11D0-8D11-00A0C91BC942}") = "Core", "..\..\Core\Core.vcproj", "{DB0C552D-2D32-43EE-A719-7FA384BF5155}"
EndProject
Project("{8BC9CEB8-8B4A-11D0-8D11-00A0C91BC942}") = "Algorithms", "..\..\Algorithms\Algorithms.vcproj", "{F6E6460D-D46D-4E70-8401-0DE3C006F5A5}"
EndProject
Project("{8BC9CEB8-8B4A-11D0-8D11-00A0C91BC942}") = "Morph", "..\..\Tools\Morph\Morph.vcproj", "{3174E697-9809-4DA6-96AD-5E88F86733A9}"
EndProject
Project("{8BC9CEB8-8B4A-11D0-8D11-00A0C91BC942}") = "MeanCurvatureFlow", "..\..\Tools\MeanCurvatureFlow\MeanCurvatureFlow.vcproj", "{A68DC7A8-C4B1-4816-A509-BCE8F96487D6}"
EndProject
Project("{8BC9CEB8-8B4A-11D0-8D11-00A0C91BC942}") = "Erosion", "..\..\Tools\Erosion\Erosion.vcproj", "{E9A85D99-DA96-4B7B-9110-EE882B69A843}"
EndProject
Project("{8BC9CEB8-8B4A-11D0-8D11-00A0C91BC942}") = "VolumeConservingMeanCurvatureFlow", "..\..\Tools\VolumeConservingMeanCurvatureFlow\VolumeConservingMeanCurvatureFlow.vcproj", "{32946F60-946A-48AA-9F1D-7B8E8A611385}"
EndProject
Project("{8BC9CEB8-8B4A-11D0-8D11-00A0C91BC942}") = "EnrightTest", "..\..\Tools\EnrightTest\EnrightTest.vcproj", "{9AC68D3F-9741-4467-B88B-1719F0B235AB}"
EndProject
Project("{8BC9CEB8-8B4A-11D0-8D11-00A0C91BC942}") = "MeshToDTGrid", "..\..\Tools\MeshToDTGrid\MeshToDTGrid.vcproj", "{2950E9A0-25E2-44DF-AF89-54D3E75EB947}"
EndProject
Project("{8BC9CEB8-8B4A-11D0-8D11-00A0C91BC942}") = "DTGridToMesh", "..\..\Tools\DTGridToMesh\DTGridToMesh.vcproj", "{7CA9CCE3-8127-440E-8D1C-759FBB6CC518}"
EndProject
Global
	GlobalSection(SolutionConfigurationPlatforms) = preSolution
		Debug|Win32 = Debug|Win32
		Release|Win32 = Release|Win32
	EndGlobalSection
	GlobalSection(ProjectConfigurationPlatforms) = postSolution
		{F3DCFF62-374A-4090-B1CD-7784C2ACDBE4}.Debug|Win32.ActiveCfg = Debug|Win32
		{F3DCFF62-374A-4090-B1CD-7784C2ACDBE4}.Debug|Win32.Build.0 = Debug|Win32
		{F3DCFF62-374A-4090-B1CD-7784C2ACDBE4}.Release|Win32.ActiveCfg = Release|Win32
		{F3DCFF62-374A-4090-B1CD-7784C2ACDBE4}.Release|Win32.Build.0 = Release|Win32
		{0BC331F0-320F-408D-A1EA-0EF066ADA9E9}.Debug|Win32.ActiveCfg = Debug|Win32
		{0BC331F0-320F-408D-A1EA-0EF066ADA9E9}.Debug|Win32.Build.0 = Debug|Win32
		{0BC331F0-320F-408D-A1EA-0EF066ADA9E9}.Release|Win32.ActiveCfg = Release|Win32
		{0BC331F0-320F-408D-A1EA-0EF066ADA9E9}.Release|Win32.Build.0 = Release|Win32
		{DB0C552D-2D32-43EE-A719-7FA384BF5155}.Debug|Win32.ActiveCfg = Debug|Win32
		{DB0C552D-2D32-43EE-A719-7FA384BF5155}.Debug|Win32.Build.0 = Debug|Win32
		{DB0C552D-2D32-43EE-A719-7FA384BF5155}.Release|Win32.ActiveCfg = Release|Win32
		{DB0C552D-2D32-43EE-A719-7FA384BF5155}.Release|Win32.Build.0 = Release|Win32
		{F6E6460D-D46D-4E70-8401-0DE3C006F5A5}.Debug|Win32.ActiveCfg = Debug|Win32
		{F6E6460D-D46D-4E70-8401-0DE3C006F5A5}.Debug|Win32.Build.0 = Debug|Win32
		{F6E6460D-D46D-4E70-8401-0DE3C006F5A5}.Release|Win32.ActiveCfg = Release|Win32
		{F6E6460D-D46D-4E70-8401-0DE3C006F5A5}.Release|Win32.Build.0 = Release|Win32
		{3174E697-9809-4DA6-96AD-5E88F86733A9}.Debug|Win32.ActiveCfg = Debug|Win32
		{3174E697-9809-4DA6-96AD-5E88F86733A9}.Debug|Win32.Build.0 = Debug|Win32
		{3174E697-9809-4DA6-96AD-5E88F86733A9}.Release|Win32.ActiveCfg = Release|Win32
		{3174E697-9809-4DA6-96AD-5E88F86733A9}.Release|Win32.Build.0 = Release|Win32
		{A68DC7A8-C4B1-4816-A509-BCE8F96487D6}.Debug|Win32.ActiveCfg = Debug|Win32
		{A68DC7A8-C4B1-4816-A509-BCE8F96487D6}.Debug|Win32.Build.0 = Debug|Win32
		{A68DC7A8-C4B1-4816-A509-BCE8F96487D6}.Release|Win32.ActiveCfg = Release|Win32
		{A68DC7A8-C4B1-4816-A509-BCE8F96487D6}.Release|Win32.Build.0 = Release|Win32
		{E9A85D99-DA96-4B7B-9110-EE882B69A843}.Debug|Win32.ActiveCfg = Debug|Win32
		{E9A85D99-DA96-4B7B-9110-EE882B69A843}.Debug|Win32.Build.0 = Debug|Win32
		{E9A85D99-DA96-4B7B-9110-EE882B69A843}.Release|Win32.ActiveCfg = Release|Win32
		{E9A85D99-DA96-4B7B-9110-EE882B69A843}.Release|Win32.Build.0 = Release|Win32
		{32946F60-946A-48AA-9F1D-7B8E8A611385}.Debug|Win32.ActiveCfg = Debug|Win32
		{32946F60-946A-48AA-9F1D-7B8E8A611385}.Debug|Win32.Build.0 = Debug|Win32
		{32946F60-946A-48AA-9F1D-7B8E8A611385}.Release|Win32.ActiveCfg = Release|Win32
		{32946F60-946A-48AA-9F1D-7B8E8A611385}.Release|Win32.Build.0 = Release|Win32
		{9AC68D3F-9741-4467-B88B-1719F0B235AB}.Debug|Win32.ActiveCfg = Debug|Win32
		{9AC68D3F-9741-4467-B88B-1719F0B235AB}.Debug|Win32.Build.0 = Debug|Win32
		{9AC68D3F-9741-4467-B88B-1719F0B235AB}.Release|Win32.ActiveCfg = Release|Win32
		{9AC68D3F-9741-4467-B88B-1719F0B235AB}.Release|Win32.Build.0 = Release|Win32
		{2950E9A0-25E2-44DF-AF89-54D3E75EB947}.Debug|Win32.ActiveCfg = Debug|Win32
		{2950E9A0-25E2-44DF-AF89-54D3E75EB947}.Debug|Win32.Build.0 = Debug|Win32
		{2950E9A0-25E2-44DF-AF89-54D3E75EB947}.Release|Win32.ActiveCfg = Release|Win32
		{2950E9A0-25E2-44DF-AF89-54D3E75EB947}.Release|Win32.Build.0 = Release|Win32
		{7CA9CCE3-8127-440E-8D1C-759FBB6CC518}.Debug|Win32.ActiveCfg = Debug|Win32
		{7CA9CCE3-8127-440E-8D1C-759FBB6CC518}.Debug|Win32.Build.0 = Debug|Win32
		{7CA9CCE3-8127-440E-8D1C-759FBB6CC518}.Release|Win32.ActiveCfg = Release|Win32
		{7CA9CCE3-8127-440E-8D1C-759FBB6CC518}.Release|Win32.Build.0 = Release|Win32
	EndGlobalSection
	GlobalSection(SolutionProperties) = preSolution
		HideSolutionNode = FALSE
	EndGlobalSection
EndGlobal
